
Microsoft Visual Studio Solution File, Format Version 12.00
# Visual Studio Version 16
VisualStudioVersion = 16.0.29503.13
MinimumVisualStudioVersion = 10.0.40219.1
Project("{FAE04EC0-301F-11D3-BF4B-00C04F79EFBC}") = "WPF-Sandbox", "WPF-Sandbox\WPF-Sandbox.csproj", "{03A98E1E-51C6-4EC8-BB98-7E6822AB996D}"
EndProject
Project("{FAE04EC0-301F-11D3-BF4B-00C04F79EFBC}") = "Infrastructure", "Infrastructure\Infrastructure.csproj", "{4D85970E-4727-4EA4-A646-218105362A0D}"
EndProject
Global
	GlobalSection(SolutionConfigurationPlatforms) = preSolution
		Debug|Any CPU = Debug|Any CPU
		Release|Any CPU = Release|Any CPU
	EndGlobalSection
	GlobalSection(ProjectConfigurationPlatforms) = postSolution
		{03A98E1E-51C6-4EC8-BB98-7E6822AB996D}.Debug|Any CPU.ActiveCfg = Debug|Any CPU
		{03A98E1E-51C6-4EC8-BB98-7E6822AB996D}.Debug|Any CPU.Build.0 = Debug|Any CPU
		{03A98E1E-51C6-4EC8-BB98-7E6822AB996D}.Release|Any CPU.ActiveCfg = Release|Any CPU
		{03A98E1E-51C6-4EC8-BB98-7E6822AB996D}.Release|Any CPU.Build.0 = Release|Any CPU
		{4D85970E-4727-4EA4-A646-218105362A0D}.Debug|Any CPU.ActiveCfg = Debug|Any CPU
		{4D85970E-4727-4EA4-A646-218105362A0D}.Debug|Any CPU.Build.0 = Debug|Any CPU
		{4D85970E-4727-4EA4-A646-218105362A0D}.Release|Any CPU.ActiveCfg = Release|Any CPU
		{4D85970E-4727-4EA4-A646-218105362A0D}.Release|Any CPU.Build.0 = Release|Any CPU
	EndGlobalSection
	GlobalSection(SolutionProperties) = preSolution
		HideSolutionNode = FALSE
	EndGlobalSection
	GlobalSection(ExtensibilityGlobals) = postSolution
		SolutionGuid = {9278E9E9-F91E-4A82-81E7-706AF9668E60}
	EndGlobalSection
EndGlobal
